
Microsoft Visual Studio Solution File, Format Version 12.00
# Visual Studio Version 17
VisualStudioVersion = 17.3.32901.215
MinimumVisualStudioVersion = 10.0.40219.1
Project("{9A19103F-16F7-4668-BE54-9A1E7A4F7556}") = "Sealed", "Sealed.csproj", "{2A2AA304-B0B8-45E1-B06E-4E452C760EE3}"
EndProject
Global
	GlobalSection(SolutionConfigurationPlatforms) = preSolution
		Debug|Any CPU = Debug|Any CPU
		Release|Any CPU = Release|Any CPU
	EndGlobalSection
	GlobalSection(ProjectConfigurationPlatforms) = postSolution
		{2A2AA304-B0B8-45E1-B06E-4E452C760EE3}.Debug|Any CPU.ActiveCfg = Debug|Any CPU
		{2A2AA304-B0B8-45E1-B06E-4E452C760EE3}.Debug|Any CPU.Build.0 = Debug|Any CPU
		{2A2AA304-B0B8-45E1-B06E-4E452C760EE3}.Release|Any CPU.ActiveCfg = Release|Any CPU
		{2A2AA304-B0B8-45E1-B06E-4E452C760EE3}.Release|Any CPU.Build.0 = Release|Any CPU
	EndGlobalSection
	GlobalSection(SolutionProperties) = preSolution
		HideSolutionNode = FALSE
	EndGlobalSection
	GlobalSection(ExtensibilityGlobals) = postSolution
		SolutionGuid = {F9DB3677-584F-4D0A-BD80-1BDF9E38F8F8}
	EndGlobalSection
EndGlobal
