
Microsoft Visual Studio Solution File, Format Version 12.00
# Visual Studio Version 17
VisualStudioVersion = 17.3.32901.215
MinimumVisualStudioVersion = 10.0.40219.1
Project("{9A19103F-16F7-4668-BE54-9A1E7A4F7556}") = "CommonTopics", "CommonTopics.csproj", "{B13EBCB1-5821-4293-B74B-38E9D7601C22}"
EndProject
Global
	GlobalSection(SolutionConfigurationPlatforms) = preSolution
		Debug|Any CPU = Debug|Any CPU
		Release|Any CPU = Release|Any CPU
	EndGlobalSection
	GlobalSection(ProjectConfigurationPlatforms) = postSolution
		{B13EBCB1-5821-4293-B74B-38E9D7601C22}.Debug|Any CPU.ActiveCfg = Debug|Any CPU
		{B13EBCB1-5821-4293-B74B-38E9D7601C22}.Debug|Any CPU.Build.0 = Debug|Any CPU
		{B13EBCB1-5821-4293-B74B-38E9D7601C22}.Release|Any CPU.ActiveCfg = Release|Any CPU
		{B13EBCB1-5821-4293-B74B-38E9D7601C22}.Release|Any CPU.Build.0 = Release|Any CPU
	EndGlobalSection
	GlobalSection(SolutionProperties) = preSolution
		HideSolutionNode = FALSE
	EndGlobalSection
	GlobalSection(ExtensibilityGlobals) = postSolution
		SolutionGuid = {0E568695-7EF4-45F6-B19F-16CD9831532B}
	EndGlobalSection
EndGlobal
