
Microsoft Visual Studio Solution File, Format Version 12.00
# Visual Studio Version 17
VisualStudioVersion = 17.3.32901.215
MinimumVisualStudioVersion = 10.0.40219.1
Project("{9A19103F-16F7-4668-BE54-9A1E7A4F7556}") = "Events", "Events.csproj", "{B1265CA2-9FBD-406D-A90F-BA769FCE2C22}"
EndProject
Global
	GlobalSection(SolutionConfigurationPlatforms) = preSolution
		Debug|Any CPU = Debug|Any CPU
		Release|Any CPU = Release|Any CPU
	EndGlobalSection
	GlobalSection(ProjectConfigurationPlatforms) = postSolution
		{B1265CA2-9FBD-406D-A90F-BA769FCE2C22}.Debug|Any CPU.ActiveCfg = Debug|Any CPU
		{B1265CA2-9FBD-406D-A90F-BA769FCE2C22}.Debug|Any CPU.Build.0 = Debug|Any CPU
		{B1265CA2-9FBD-406D-A90F-BA769FCE2C22}.Release|Any CPU.ActiveCfg = Release|Any CPU
		{B1265CA2-9FBD-406D-A90F-BA769FCE2C22}.Release|Any CPU.Build.0 = Release|Any CPU
	EndGlobalSection
	GlobalSection(SolutionProperties) = preSolution
		HideSolutionNode = FALSE
	EndGlobalSection
	GlobalSection(ExtensibilityGlobals) = postSolution
		SolutionGuid = {A6353020-A5BC-448C-9ED6-430C9903E3A6}
	EndGlobalSection
EndGlobal
